Microsoft Visual Studio Solution File, Format Version 12.00
# Visual Studio Version 17
VisualStudioVersion = 17.0.31903.59
MinimumVisualStudioVersion = 10.0.40219.1
Project("{FAE04EC0-301F-11D3-BF4B-00C04F79EFBC}") = "ValheimSessionChronicle", "src\ValheimSessionChronicle\ValheimSessionChronicle.csproj", "{6E48F947-889C-4A4C-B0AD-19D9E8BBD8FE}"
EndProject
Global
	GlobalSection(SolutionConfigurationPlatforms) = preSolution
		Debug|Any CPU = Debug|Any CPU
		Release|Any CPU = Release|Any CPU
	EndGlobalSection
	GlobalSection(ProjectConfigurationPlatforms) = postSolution
		{6E48F947-889C-4A4C-B0AD-19D9E8BBD8FE}.Debug|Any CPU.ActiveCfg = Debug|Any CPU
		{6E48F947-889C-4A4C-B0AD-19D9E8BBD8FE}.Debug|Any CPU.Build.0 = Debug|Any CPU
		{6E48F947-889C-4A4C-B0AD-19D9E8BBD8FE}.Release|Any CPU.ActiveCfg = Release|Any CPU
		{6E48F947-889C-4A4C-B0AD-19D9E8BBD8FE}.Release|Any CPU.Build.0 = Release|Any CPU
	EndGlobalSection
	GlobalSection(SolutionProperties) = preSolution
		HideSolutionNode = FALSE
	EndGlobalSection
EndGlobal
